
Microsoft Visual Studio Solution File, Format Version 12.00
# Visual Studio Version 16
VisualStudioVersion = 16.0.30011.22
MinimumVisualStudioVersion = 10.0.40219.1
Project("{FAE04EC0-301F-11D3-BF4B-00C04F79EFBC}") = "tp1", "tp1.csproj", "{663463C4-6E0F-4213-9DD9-B49A76485332}"
EndProject
Global
	GlobalSection(SolutionConfigurationPlatforms) = preSolution
		Debug|Any CPU = Debug|Any CPU
		Release|Any CPU = Release|Any CPU
	EndGlobalSection
	GlobalSection(ProjectConfigurationPlatforms) = postSolution
		{663463C4-6E0F-4213-9DD9-B49A76485332}.Debug|Any CPU.ActiveCfg = Debug|Any CPU
		{663463C4-6E0F-4213-9DD9-B49A76485332}.Debug|Any CPU.Build.0 = Debug|Any CPU
		{663463C4-6E0F-4213-9DD9-B49A76485332}.Release|Any CPU.ActiveCfg = Release|Any CPU
		{663463C4-6E0F-4213-9DD9-B49A76485332}.Release|Any CPU.Build.0 = Release|Any CPU
	EndGlobalSection
	GlobalSection(SolutionProperties) = preSolution
		HideSolutionNode = FALSE
	EndGlobalSection
	GlobalSection(ExtensibilityGlobals) = postSolution
		SolutionGuid = {1B353F6F-E204-40EB-8CFC-AB925D6966A6}
	EndGlobalSection
EndGlobal
