
Microsoft Visual Studio Solution File, Format Version 12.00
# Visual Studio Version 16
VisualStudioVersion = 16.0.30011.22
MinimumVisualStudioVersion = 10.0.40219.1
Project("{FAE04EC0-301F-11D3-BF4B-00C04F79EFBC}") = "Serveur", "Serveur\Serveur.csproj", "{EBD4195C-1392-4717-9701-6CE68367DF5D}"
EndProject
Project("{FAE04EC0-301F-11D3-BF4B-00C04F79EFBC}") = "Client", "Client\Client.csproj", "{E6B03469-AEF4-4958-A6F9-BBA04EC53B18}"
EndProject
Project("{FAE04EC0-301F-11D3-BF4B-00C04F79EFBC}") = "Interface", "Interface\Interface.csproj", "{FB69BD71-44D8-4987-8A6E-683C37A54BE7}"
EndProject
Global
	GlobalSection(SolutionConfigurationPlatforms) = preSolution
		Debug|Any CPU = Debug|Any CPU
		Release|Any CPU = Release|Any CPU
	EndGlobalSection
	GlobalSection(ProjectConfigurationPlatforms) = postSolution
		{EBD4195C-1392-4717-9701-6CE68367DF5D}.Debug|Any CPU.ActiveCfg = Debug|Any CPU
		{EBD4195C-1392-4717-9701-6CE68367DF5D}.Debug|Any CPU.Build.0 = Debug|Any CPU
		{EBD4195C-1392-4717-9701-6CE68367DF5D}.Release|Any CPU.ActiveCfg = Release|Any CPU
		{EBD4195C-1392-4717-9701-6CE68367DF5D}.Release|Any CPU.Build.0 = Release|Any CPU
		{E6B03469-AEF4-4958-A6F9-BBA04EC53B18}.Debug|Any CPU.ActiveCfg = Debug|Any CPU
		{E6B03469-AEF4-4958-A6F9-BBA04EC53B18}.Debug|Any CPU.Build.0 = Debug|Any CPU
		{E6B03469-AEF4-4958-A6F9-BBA04EC53B18}.Release|Any CPU.ActiveCfg = Release|Any CPU
		{E6B03469-AEF4-4958-A6F9-BBA04EC53B18}.Release|Any CPU.Build.0 = Release|Any CPU
		{FB69BD71-44D8-4987-8A6E-683C37A54BE7}.Debug|Any CPU.ActiveCfg = Debug|Any CPU
		{FB69BD71-44D8-4987-8A6E-683C37A54BE7}.Debug|Any CPU.Build.0 = Debug|Any CPU
		{FB69BD71-44D8-4987-8A6E-683C37A54BE7}.Release|Any CPU.ActiveCfg = Release|Any CPU
		{FB69BD71-44D8-4987-8A6E-683C37A54BE7}.Release|Any CPU.Build.0 = Release|Any CPU
	EndGlobalSection
	GlobalSection(SolutionProperties) = preSolution
		HideSolutionNode = FALSE
	EndGlobalSection
	GlobalSection(ExtensibilityGlobals) = postSolution
		SolutionGuid = {7BA67B0B-DC48-4B14-82A0-3CD85E8765FC}
	EndGlobalSection
EndGlobal
