
Microsoft Visual Studio Solution File, Format Version 12.00
# Visual Studio Version 16
VisualStudioVersion = 16.0.30011.22
MinimumVisualStudioVersion = 10.0.40219.1
Project("{FAE04EC0-301F-11D3-BF4B-00C04F79EFBC}") = "PremierThread", "PremierThread\PremierThread.csproj", "{591540E0-C354-4767-A86B-585A91DE1879}"
EndProject
Project("{FAE04EC0-301F-11D3-BF4B-00C04F79EFBC}") = "AppDeGestion", "AppDeGestion\AppDeGestion.csproj", "{BB43FEF8-665D-46CF-AC3D-028D2792AC34}"
EndProject
Global
	GlobalSection(SolutionConfigurationPlatforms) = preSolution
		Debug|Any CPU = Debug|Any CPU
		Release|Any CPU = Release|Any CPU
	EndGlobalSection
	GlobalSection(ProjectConfigurationPlatforms) = postSolution
		{591540E0-C354-4767-A86B-585A91DE1879}.Debug|Any CPU.ActiveCfg = Debug|Any CPU
		{591540E0-C354-4767-A86B-585A91DE1879}.Debug|Any CPU.Build.0 = Debug|Any CPU
		{591540E0-C354-4767-A86B-585A91DE1879}.Release|Any CPU.ActiveCfg = Release|Any CPU
		{591540E0-C354-4767-A86B-585A91DE1879}.Release|Any CPU.Build.0 = Release|Any CPU
		{BB43FEF8-665D-46CF-AC3D-028D2792AC34}.Debug|Any CPU.ActiveCfg = Debug|Any CPU
		{BB43FEF8-665D-46CF-AC3D-028D2792AC34}.Debug|Any CPU.Build.0 = Debug|Any CPU
		{BB43FEF8-665D-46CF-AC3D-028D2792AC34}.Release|Any CPU.ActiveCfg = Release|Any CPU
		{BB43FEF8-665D-46CF-AC3D-028D2792AC34}.Release|Any CPU.Build.0 = Release|Any CPU
	EndGlobalSection
	GlobalSection(SolutionProperties) = preSolution
		HideSolutionNode = FALSE
	EndGlobalSection
	GlobalSection(ExtensibilityGlobals) = postSolution
		SolutionGuid = {EE198D8F-610D-4607-9035-670C460DEE98}
	EndGlobalSection
EndGlobal
